
Microsoft Visual Studio Solution File, Format Version 12.00
# Visual Studio Version 16
VisualStudioVersion = 16.0.31624.102
MinimumVisualStudioVersion = 10.0.40219.1
Project("{9A19103F-16F7-4668-BE54-9A1E7A4F7556}") = "JobSite", "JobSite\JobSite.csproj", "{B556732C-E5AA-475F-A5AA-572FE7247009}"
EndProject
Global
	GlobalSection(SolutionConfigurationPlatforms) = preSolution
		Debug|Any CPU = Debug|Any CPU
		Release|Any CPU = Release|Any CPU
	EndGlobalSection
	GlobalSection(ProjectConfigurationPlatforms) = postSolution
		{B556732C-E5AA-475F-A5AA-572FE7247009}.Debug|Any CPU.ActiveCfg = Debug|Any CPU
		{B556732C-E5AA-475F-A5AA-572FE7247009}.Debug|Any CPU.Build.0 = Debug|Any CPU
		{B556732C-E5AA-475F-A5AA-572FE7247009}.Release|Any CPU.ActiveCfg = Release|Any CPU
		{B556732C-E5AA-475F-A5AA-572FE7247009}.Release|Any CPU.Build.0 = Release|Any CPU
	EndGlobalSection
	GlobalSection(SolutionProperties) = preSolution
		HideSolutionNode = FALSE
	EndGlobalSection
	GlobalSection(ExtensibilityGlobals) = postSolution
		SolutionGuid = {A5159AD1-4623-418F-AA18-097C1C2C63B9}
	EndGlobalSection
EndGlobal
